# This file is automatically @generated by Poetry 1.8.4 and should not be changed by hand.

[[package]]
name = "pyperclip"
version = "1.9.0"
description = "A cross-platform clipboard module for Python. (Only handles plain text for now.)"
optional = false
python-versions = "*"
files = [
    {file = "pyperclip-1.9.0.tar.gz", hash = "sha256:b7de0142ddc81bfc5c7507eea19da920b92252b548b96186caf94a5e2527d310"},
]

[metadata]
lock-version = "2.0"
python-versions = "^3.11"
content-hash = "275f919987e56715c67d7507d1206567539c592d25f0b4ca291f18f4c58dd405"
